{
  "name": "buildchecker",
  "version": "1.0.0",
  "lockfileVersion": 3,
  "requires": true,
  "packages": {
    "": {
      "name": "buildchecker",
      "version": "1.0.0",
      "license": "MIT",
      "dependencies": {
        "buildchecker": "file:buildchecker-1.0.0.tgz"
      },
      "bin": {
        "buildcheck": "index.js"
      }
    },
    "node_modules/buildchecker": {
      "version": "1.0.0",
      "resolved": "file:buildchecker-1.0.0.tgz",
      "integrity": "sha512-ZpRfAMi2C95+0DcwcOusiuPjQEdjmXn0bsA5Y+0uk92hV9OQUL3EcLdb22gxgZIGLkXHkx4xZCSoN+yTvmdrAw==",
      "dependencies": {
        "buildchecker": "file:buildchecker-1.0.0.tgz"
      },
      "bin": {
        "buildcheck": "index.js"
      }
    }
  }
}
